
Microsoft Visual Studio Solution File, Format Version 12.00
# Visual Studio Version 17
VisualStudioVersion = 17.2.32630.192
MinimumVisualStudioVersion = 10.0.40219.1
Project("{8BC9CEB8-8B4A-11D0-8D11-00A0C91BC942}") = "DllLib", "ConsoleApplication1\ConsoleApplication1.vcxproj", "{797A8BB7-EAD8-476E-A5F5-59EF9E5CB7E6}"
EndProject
Project("{8BC9CEB8-8B4A-11D0-8D11-00A0C91BC942}") = "DLLCode", "DLLCode\DLLCode.vcxproj", "{7729E6B9-698A-4084-8034-EF678CAF2318}"
EndProject
Global
	GlobalSection(SolutionConfigurationPlatforms) = preSolution
		Debug|x64 = Debug|x64
		Debug|x86 = Debug|x86
		Release|x64 = Release|x64
		Release|x86 = Release|x86
	EndGlobalSection
	GlobalSection(ProjectConfigurationPlatforms) = postSolution
		{797A8BB7-EAD8-476E-A5F5-59EF9E5CB7E6}.Debug|x64.ActiveCfg = Debug|x64
		{797A8BB7-EAD8-476E-A5F5-59EF9E5CB7E6}.Debug|x64.Build.0 = Debug|x64
		{797A8BB7-EAD8-476E-A5F5-59EF9E5CB7E6}.Debug|x86.ActiveCfg = Debug|Win32
		{797A8BB7-EAD8-476E-A5F5-59EF9E5CB7E6}.Debug|x86.Build.0 = Debug|Win32
		{797A8BB7-EAD8-476E-A5F5-59EF9E5CB7E6}.Release|x64.ActiveCfg = Release|x64
		{797A8BB7-EAD8-476E-A5F5-59EF9E5CB7E6}.Release|x64.Build.0 = Release|x64
		{797A8BB7-EAD8-476E-A5F5-59EF9E5CB7E6}.Release|x86.ActiveCfg = Release|Win32
		{797A8BB7-EAD8-476E-A5F5-59EF9E5CB7E6}.Release|x86.Build.0 = Release|Win32
		{7729E6B9-698A-4084-8034-EF678CAF2318}.Debug|x64.ActiveCfg = Debug|x64
		{7729E6B9-698A-4084-8034-EF678CAF2318}.Debug|x64.Build.0 = Debug|x64
		{7729E6B9-698A-4084-8034-EF678CAF2318}.Debug|x86.ActiveCfg = Debug|Win32
		{7729E6B9-698A-4084-8034-EF678CAF2318}.Debug|x86.Build.0 = Debug|Win32
		{7729E6B9-698A-4084-8034-EF678CAF2318}.Release|x64.ActiveCfg = Release|x64
		{7729E6B9-698A-4084-8034-EF678CAF2318}.Release|x64.Build.0 = Release|x64
		{7729E6B9-698A-4084-8034-EF678CAF2318}.Release|x86.ActiveCfg = Release|Win32
		{7729E6B9-698A-4084-8034-EF678CAF2318}.Release|x86.Build.0 = Release|Win32
	EndGlobalSection
	GlobalSection(SolutionProperties) = preSolution
		HideSolutionNode = FALSE
	EndGlobalSection
	GlobalSection(ExtensibilityGlobals) = postSolution
		SolutionGuid = {EE91FB77-F9D6-4008-B8E4-AE2BBDE72BE6}
	EndGlobalSection
EndGlobal
